Microsoft Visual Studio Solution File, Format Version 12.00
# Visual Studio Version 17
VisualStudioVersion = 17.5.2.0
MinimumVisualStudioVersion = 10.0.40219.1
Project("{FAE04EC0-301F-11D3-BF4B-00C04F79EFBC}") = "TeamNut", "TeamNut\TeamNut.csproj", "{7BC5ABBF-B119-F0DE-33C4-4B8834A20874}"
EndProject
Global
	GlobalSection(SolutionConfigurationPlatforms) = preSolution
		Debug|x64 = Debug|x64
		Release|x64 = Release|x64
	EndGlobalSection
	GlobalSection(ProjectConfigurationPlatforms) = postSolution
		{7BC5ABBF-B119-F0DE-33C4-4B8834A20874}.Debug|x64.ActiveCfg = Debug|x64
		{7BC5ABBF-B119-F0DE-33C4-4B8834A20874}.Debug|x64.Build.0 = Debug|x64
		{7BC5ABBF-B119-F0DE-33C4-4B8834A20874}.Release|x64.ActiveCfg = Release|x64
		{7BC5ABBF-B119-F0DE-33C4-4B8834A20874}.Release|x64.Build.0 = Release|x64
	EndGlobalSection
	GlobalSection(SolutionProperties) = preSolution
		HideSolutionNode = FALSE
	EndGlobalSection
	GlobalSection(ExtensibilityGlobals) = postSolution
		SolutionGuid = {ECC144C1-59EF-41C6-9CE6-C4AF3A14F15C}
	EndGlobalSection
EndGlobal
